
Microsoft Visual Studio Solution File, Format Version 12.00
# Visual Studio Version 16
VisualStudioVersion = 16.0.29613.14
MinimumVisualStudioVersion = 10.0.40219.1
Project("{9A19103F-16F7-4668-BE54-9A1E7A4F7556}") = "TestTaxiFare", "TestTaxiFare\TestTaxiFare.csproj", "{A6759398-A63A-47FE-872B-DD0B64FC37BE}"
EndProject
Project("{9A19103F-16F7-4668-BE54-9A1E7A4F7556}") = "TestTaxiFareML.Model", "TestTaxiFareML.Model\TestTaxiFareML.Model.csproj", "{0881E041-CEF9-4462-9440-F356612391D5}"
EndProject
Project("{9A19103F-16F7-4668-BE54-9A1E7A4F7556}") = "TestTaxiFareML.ConsoleApp", "TestTaxiFareML.ConsoleApp\TestTaxiFareML.ConsoleApp.csproj", "{8B562CF6-CA7F-454C-A12A-A9DF9DED124E}"
EndProject
Project("{FAE04EC0-301F-11D3-BF4B-00C04F79EFBC}") = "GrafPredict", "GrafPredict\GrafPredict.csproj", "{71B32F41-58B8-449F-82C2-1C0445290177}"
EndProject
Global
	GlobalSection(SolutionConfigurationPlatforms) = preSolution
		Debug|Any CPU = Debug|Any CPU
		Release|Any CPU = Release|Any CPU
	EndGlobalSection
	GlobalSection(ProjectConfigurationPlatforms) = postSolution
		{A6759398-A63A-47FE-872B-DD0B64FC37BE}.Debug|Any CPU.ActiveCfg = Debug|Any CPU
		{A6759398-A63A-47FE-872B-DD0B64FC37BE}.Debug|Any CPU.Build.0 = Debug|Any CPU
		{A6759398-A63A-47FE-872B-DD0B64FC37BE}.Release|Any CPU.ActiveCfg = Release|Any CPU
		{A6759398-A63A-47FE-872B-DD0B64FC37BE}.Release|Any CPU.Build.0 = Release|Any CPU
		{0881E041-CEF9-4462-9440-F356612391D5}.Debug|Any CPU.ActiveCfg = Debug|Any CPU
		{0881E041-CEF9-4462-9440-F356612391D5}.Debug|Any CPU.Build.0 = Debug|Any CPU
		{0881E041-CEF9-4462-9440-F356612391D5}.Release|Any CPU.ActiveCfg = Release|Any CPU
		{0881E041-CEF9-4462-9440-F356612391D5}.Release|Any CPU.Build.0 = Release|Any CPU
		{8B562CF6-CA7F-454C-A12A-A9DF9DED124E}.Debug|Any CPU.ActiveCfg = Debug|Any CPU
		{8B562CF6-CA7F-454C-A12A-A9DF9DED124E}.Debug|Any CPU.Build.0 = Debug|Any CPU
		{8B562CF6-CA7F-454C-A12A-A9DF9DED124E}.Release|Any CPU.ActiveCfg = Release|Any CPU
		{8B562CF6-CA7F-454C-A12A-A9DF9DED124E}.Release|Any CPU.Build.0 = Release|Any CPU
		{71B32F41-58B8-449F-82C2-1C0445290177}.Debug|Any CPU.ActiveCfg = Debug|Any CPU
		{71B32F41-58B8-449F-82C2-1C0445290177}.Debug|Any CPU.Build.0 = Debug|Any CPU
		{71B32F41-58B8-449F-82C2-1C0445290177}.Release|Any CPU.ActiveCfg = Release|Any CPU
		{71B32F41-58B8-449F-82C2-1C0445290177}.Release|Any CPU.Build.0 = Release|Any CPU
	EndGlobalSection
	GlobalSection(SolutionProperties) = preSolution
		HideSolutionNode = FALSE
	EndGlobalSection
	GlobalSection(ExtensibilityGlobals) = postSolution
		SolutionGuid = {B8290D81-2735-4E20-BDD4-1DC3C9B6284E}
	EndGlobalSection
EndGlobal
